
Microsoft Visual Studio Solution File, Format Version 12.00
# Visual Studio Version 17
VisualStudioVersion = 17.0.31903.59
MinimumVisualStudioVersion = 10.0.40219.1
Project("{FAE04EC0-301F-11D3-BF4B-00C04F79EFBC}") = "TaskManager.Web", "TaskManager.Web\TaskManager.Web.csproj", "{1B58D807-DC71-4784-96B9-E2A40EFA6453}"
EndProject
Project("{2150E333-8FDC-42A3-9474-1A3956D46DE8}") = "Services", "Services", "{5854FF58-B8C5-05C6-5BF2-ACE42193F22B}"
EndProject
Project("{FAE04EC0-301F-11D3-BF4B-00C04F79EFBC}") = "TaskManager.TasksService", "Services\TaskManager.TasksService\TaskManager.TasksService.csproj", "{D3F4AA15-72BC-47E5-A7AE-E60B6D5226AD}"
EndProject
Project("{FAE04EC0-301F-11D3-BF4B-00C04F79EFBC}") = "TaskManager.StatisticsService", "Services\TaskManager.StatisticsService\TaskManager.StatisticsService.csproj", "{8BC9465D-AB34-4812-B23A-08BED25D8B95}"
EndProject
Project("{FAE04EC0-301F-11D3-BF4B-00C04F79EFBC}") = "TaskManager.ApiGateway", "Services\TaskManager.ApiGateway\TaskManager.ApiGateway.csproj", "{5CCDF194-B9FC-40BA-9837-E98E7DB10A32}"
EndProject
Project("{FAE04EC0-301F-11D3-BF4B-00C04F79EFBC}") = "TaskManager.Frontend", "Services\TaskManager.Frontend\TaskManager.Frontend.csproj", "{D490668F-CA16-435E-9E01-03F82F964686}"
EndProject
Global
	GlobalSection(SolutionConfigurationPlatforms) = preSolution
		Debug|Any CPU = Debug|Any CPU
		Debug|x64 = Debug|x64
		Debug|x86 = Debug|x86
		Release|Any CPU = Release|Any CPU
		Release|x64 = Release|x64
		Release|x86 = Release|x86
	EndGlobalSection
	GlobalSection(ProjectConfigurationPlatforms) = postSolution
		{1B58D807-DC71-4784-96B9-E2A40EFA6453}.Debug|Any CPU.ActiveCfg = Debug|Any CPU
		{1B58D807-DC71-4784-96B9-E2A40EFA6453}.Debug|Any CPU.Build.0 = Debug|Any CPU
		{1B58D807-DC71-4784-96B9-E2A40EFA6453}.Debug|x64.ActiveCfg = Debug|Any CPU
		{1B58D807-DC71-4784-96B9-E2A40EFA6453}.Debug|x64.Build.0 = Debug|Any CPU
		{1B58D807-DC71-4784-96B9-E2A40EFA6453}.Debug|x86.ActiveCfg = Debug|Any CPU
		{1B58D807-DC71-4784-96B9-E2A40EFA6453}.Debug|x86.Build.0 = Debug|Any CPU
		{1B58D807-DC71-4784-96B9-E2A40EFA6453}.Release|Any CPU.ActiveCfg = Release|Any CPU
		{1B58D807-DC71-4784-96B9-E2A40EFA6453}.Release|Any CPU.Build.0 = Release|Any CPU
		{1B58D807-DC71-4784-96B9-E2A40EFA6453}.Release|x64.ActiveCfg = Release|Any CPU
		{1B58D807-DC71-4784-96B9-E2A40EFA6453}.Release|x64.Build.0 = Release|Any CPU
		{1B58D807-DC71-4784-96B9-E2A40EFA6453}.Release|x86.ActiveCfg = Release|Any CPU
		{1B58D807-DC71-4784-96B9-E2A40EFA6453}.Release|x86.Build.0 = Release|Any CPU
		{D3F4AA15-72BC-47E5-A7AE-E60B6D5226AD}.Debug|Any CPU.ActiveCfg = Debug|Any CPU
		{D3F4AA15-72BC-47E5-A7AE-E60B6D5226AD}.Debug|Any CPU.Build.0 = Debug|Any CPU
		{D3F4AA15-72BC-47E5-A7AE-E60B6D5226AD}.Debug|x64.ActiveCfg = Debug|Any CPU
		{D3F4AA15-72BC-47E5-A7AE-E60B6D5226AD}.Debug|x64.Build.0 = Debug|Any CPU
		{D3F4AA15-72BC-47E5-A7AE-E60B6D5226AD}.Debug|x86.ActiveCfg = Debug|Any CPU
		{D3F4AA15-72BC-47E5-A7AE-E60B6D5226AD}.Debug|x86.Build.0 = Debug|Any CPU
		{D3F4AA15-72BC-47E5-A7AE-E60B6D5226AD}.Release|Any CPU.ActiveCfg = Release|Any CPU
		{D3F4AA15-72BC-47E5-A7AE-E60B6D5226AD}.Release|Any CPU.Build.0 = Release|Any CPU
		{D3F4AA15-72BC-47E5-A7AE-E60B6D5226AD}.Release|x64.ActiveCfg = Release|Any CPU
		{D3F4AA15-72BC-47E5-A7AE-E60B6D5226AD}.Release|x64.Build.0 = Release|Any CPU
		{D3F4AA15-72BC-47E5-A7AE-E60B6D5226AD}.Release|x86.ActiveCfg = Release|Any CPU
		{D3F4AA15-72BC-47E5-A7AE-E60B6D5226AD}.Release|x86.Build.0 = Release|Any CPU
		{8BC9465D-AB34-4812-B23A-08BED25D8B95}.Debug|Any CPU.ActiveCfg = Debug|Any CPU
		{8BC9465D-AB34-4812-B23A-08BED25D8B95}.Debug|Any CPU.Build.0 = Debug|Any CPU
		{8BC9465D-AB34-4812-B23A-08BED25D8B95}.Debug|x64.ActiveCfg = Debug|Any CPU
		{8BC9465D-AB34-4812-B23A-08BED25D8B95}.Debug|x64.Build.0 = Debug|Any CPU
		{8BC9465D-AB34-4812-B23A-08BED25D8B95}.Debug|x86.ActiveCfg = Debug|Any CPU
		{8BC9465D-AB34-4812-B23A-08BED25D8B95}.Debug|x86.Build.0 = Debug|Any CPU
		{8BC9465D-AB34-4812-B23A-08BED25D8B95}.Release|Any CPU.ActiveCfg = Release|Any CPU
		{8BC9465D-AB34-4812-B23A-08BED25D8B95}.Release|Any CPU.Build.0 = Release|Any CPU
		{8BC9465D-AB34-4812-B23A-08BED25D8B95}.Release|x64.ActiveCfg = Release|Any CPU
		{8BC9465D-AB34-4812-B23A-08BED25D8B95}.Release|x64.Build.0 = Release|Any CPU
		{8BC9465D-AB34-4812-B23A-08BED25D8B95}.Release|x86.ActiveCfg = Release|Any CPU
		{8BC9465D-AB34-4812-B23A-08BED25D8B95}.Release|x86.Build.0 = Release|Any CPU
		{5CCDF194-B9FC-40BA-9837-E98E7DB10A32}.Debug|Any CPU.ActiveCfg = Debug|Any CPU
		{5CCDF194-B9FC-40BA-9837-E98E7DB10A32}.Debug|Any CPU.Build.0 = Debug|Any CPU
		{5CCDF194-B9FC-40BA-9837-E98E7DB10A32}.Debug|x64.ActiveCfg = Debug|Any CPU
		{5CCDF194-B9FC-40BA-9837-E98E7DB10A32}.Debug|x64.Build.0 = Debug|Any CPU
		{5CCDF194-B9FC-40BA-9837-E98E7DB10A32}.Debug|x86.ActiveCfg = Debug|Any CPU
		{5CCDF194-B9FC-40BA-9837-E98E7DB10A32}.Debug|x86.Build.0 = Debug|Any CPU
		{5CCDF194-B9FC-40BA-9837-E98E7DB10A32}.Release|Any CPU.ActiveCfg = Release|Any CPU
		{5CCDF194-B9FC-40BA-9837-E98E7DB10A32}.Release|Any CPU.Build.0 = Release|Any CPU
		{5CCDF194-B9FC-40BA-9837-E98E7DB10A32}.Release|x64.ActiveCfg = Release|Any CPU
		{5CCDF194-B9FC-40BA-9837-E98E7DB10A32}.Release|x64.Build.0 = Release|Any CPU
		{5CCDF194-B9FC-40BA-9837-E98E7DB10A32}.Release|x86.ActiveCfg = Release|Any CPU
		{5CCDF194-B9FC-40BA-9837-E98E7DB10A32}.Release|x86.Build.0 = Release|Any CPU
		{D490668F-CA16-435E-9E01-03F82F964686}.Debug|Any CPU.ActiveCfg = Debug|Any CPU
		{D490668F-CA16-435E-9E01-03F82F964686}.Debug|Any CPU.Build.0 = Debug|Any CPU
		{D490668F-CA16-435E-9E01-03F82F964686}.Debug|x64.ActiveCfg = Debug|Any CPU
		{D490668F-CA16-435E-9E01-03F82F964686}.Debug|x64.Build.0 = Debug|Any CPU
		{D490668F-CA16-435E-9E01-03F82F964686}.Debug|x86.ActiveCfg = Debug|Any CPU
		{D490668F-CA16-435E-9E01-03F82F964686}.Debug|x86.Build.0 = Debug|Any CPU
		{D490668F-CA16-435E-9E01-03F82F964686}.Release|Any CPU.ActiveCfg = Release|Any CPU
		{D490668F-CA16-435E-9E01-03F82F964686}.Release|Any CPU.Build.0 = Release|Any CPU
		{D490668F-CA16-435E-9E01-03F82F964686}.Release|x64.ActiveCfg = Release|Any CPU
		{D490668F-CA16-435E-9E01-03F82F964686}.Release|x64.Build.0 = Release|Any CPU
		{D490668F-CA16-435E-9E01-03F82F964686}.Release|x86.ActiveCfg = Release|Any CPU
		{D490668F-CA16-435E-9E01-03F82F964686}.Release|x86.Build.0 = Release|Any CPU
	EndGlobalSection
	GlobalSection(SolutionProperties) = preSolution
		HideSolutionNode = FALSE
	EndGlobalSection
	GlobalSection(NestedProjects) = preSolution
		{D3F4AA15-72BC-47E5-A7AE-E60B6D5226AD} = {5854FF58-B8C5-05C6-5BF2-ACE42193F22B}
		{8BC9465D-AB34-4812-B23A-08BED25D8B95} = {5854FF58-B8C5-05C6-5BF2-ACE42193F22B}
		{5CCDF194-B9FC-40BA-9837-E98E7DB10A32} = {5854FF58-B8C5-05C6-5BF2-ACE42193F22B}
		{D490668F-CA16-435E-9E01-03F82F964686} = {5854FF58-B8C5-05C6-5BF2-ACE42193F22B}
	EndGlobalSection
EndGlobal
